PODS:
  - Alamofire (4.9.1)
  - AlamofireImage (3.4.1):
    - Alamofire (~> 4.7)
  - Commons (0.1.0)
  - Details (0.1.0)
  - DetailsLibrary (0.1.1):
    - AlamofireImage (~> 3.4.0)
  - Reusable (4.1.1):
    - Reusable/Storyboard (= 4.1.1)
    - Reusable/View (= 4.1.1)
  - Reusable/Storyboard (4.1.1)
  - Reusable/View (4.1.1)
  - SwiftLint (0.43.1)

DEPENDENCIES:
  - AlamofireImage (~> 3.4.0)
  - Commons (from `https://github.com/elisa-c/Commons.git`)
  - Details (from `https://github.com/elisa-c/Details.git`)
  - DetailsLibrary (from `https://github.com/elisa-c/DetailsLibrary.git`)
  - Reusable
  - SwiftLint

SPEC REPOS:
  https://github.com/CocoaPods/Specs.git:
    - Alamofire
    - AlamofireImage
    - Reusable
    - SwiftLint

EXTERNAL SOURCES:
  Commons:
    :git: https://github.com/elisa-c/Commons.git
  Details:
    :git: https://github.com/elisa-c/Details.git
  DetailsLibrary:
    :git: https://github.com/elisa-c/DetailsLibrary.git

CHECKOUT OPTIONS:
  Commons:
    :commit: 1dbb065e0b3c091c438b8eef1751b2d2446a0798
    :git: https://github.com/elisa-c/Commons.git
  Details:
    :commit: 00eab9161522fc749040ca874663eb279521ac00
    :git: https://github.com/elisa-c/Details.git
  DetailsLibrary:
    :commit: 32e2462cd1afc922d80c7d510adc3830491c74ea
    :git: https://github.com/elisa-c/DetailsLibrary.git

SPEC CHECKSUMS:
  Alamofire: 85e8a02c69d6020a0d734f6054870d7ecb75cf18
  AlamofireImage: 78d67ccbb763d87ba44b21583d2153500a195630
  Commons: 9f6140a50d54a56fe3a8302abcec976ebd5d47c9
  Details: 4daa77bc92a81f7797ed7c26bab836fa9bf07a3b
  DetailsLibrary: 83588149f5d006260dc3e1cb13cdb733fb2a5dba
  Reusable: 53a9acf5c536f229b31b5865782414b508252ddb
  SwiftLint: 99f82d07b837b942dd563c668de129a03fc3fb52

PODFILE CHECKSUM: 0d93b937ac42ee5d4c46bfd9b1d0b36ae5da1ab2

COCOAPODS: 1.10.1
