PODS:
  - Commons (0.1.0)
  - Details (0.1.0)
  - SwiftLint (0.43.1)

DEPENDENCIES:
  - Commons (from `https://github.com/elisa-c/Commons`)
  - Details (from `https://github.com/elisa-c/Details`)
  - SwiftLint

SPEC REPOS:
  trunk:
    - SwiftLint

EXTERNAL SOURCES:
  Commons:
    :git: https://github.com/elisa-c/Commons
  Details:
    :git: https://github.com/elisa-c/Details

CHECKOUT OPTIONS:
  Commons:
    :commit: 1dbb065e0b3c091c438b8eef1751b2d2446a0798
    :git: https://github.com/elisa-c/Commons
  Details:
    :commit: 0d58d161daa988ff5a71fecbd7eb4604b4db0f56
    :git: https://github.com/elisa-c/Details

SPEC CHECKSUMS:
  Commons: 9f6140a50d54a56fe3a8302abcec976ebd5d47c9
  Details: 4daa77bc92a81f7797ed7c26bab836fa9bf07a3b
  SwiftLint: 99f82d07b837b942dd563c668de129a03fc3fb52

PODFILE CHECKSUM: e721aadc323c8ce59d6501454fb070e2343f3c8d

COCOAPODS: 1.10.1
